
Microsoft Visual Studio Solution File, Format Version 12.00
# Visual Studio Version 17
VisualStudioVersion = 17.7.34009.444
MinimumVisualStudioVersion = 10.0.40219.1
Project("{FAE04EC0-301F-11D3-BF4B-00C04F79EFBC}") = "BulkyWeb", "BulkyWeb\BulkyWeb.csproj", "{10741F3A-0712-4F16-94BD-D9EF4F0CBB8A}"
EndProject
Global
	GlobalSection(SolutionConfigurationPlatforms) = preSolution
		Debug|Any CPU = Debug|Any CPU
		Release|Any CPU = Release|Any CPU
	EndGlobalSection
	GlobalSection(ProjectConfigurationPlatforms) = postSolution
		{10741F3A-0712-4F16-94BD-D9EF4F0CBB8A}.Debug|Any CPU.ActiveCfg = Debug|Any CPU
		{10741F3A-0712-4F16-94BD-D9EF4F0CBB8A}.Debug|Any CPU.Build.0 = Debug|Any CPU
		{10741F3A-0712-4F16-94BD-D9EF4F0CBB8A}.Release|Any CPU.ActiveCfg = Release|Any CPU
		{10741F3A-0712-4F16-94BD-D9EF4F0CBB8A}.Release|Any CPU.Build.0 = Release|Any CPU
	EndGlobalSection
	GlobalSection(SolutionProperties) = preSolution
		HideSolutionNode = FALSE
	EndGlobalSection
	GlobalSection(ExtensibilityGlobals) = postSolution
		SolutionGuid = {E215AB4C-65E0-46B9-84EB-F7456E9B5FC3}
	EndGlobalSection
EndGlobal
